<?xml version="1.0" encoding="utf-8"?>
<Project ToolsVersion="4.0" xmlns="http://schemas.microsoft.com/developer/msbuild/2003">
  <ItemGroup>
    <Filter Include="Source Files">
      <UniqueIdentifier>{889d892f-8545-4c6d-84d1-820663cc66a5}</UniqueIdentifier>
      <Extensions>cpp;c;cxx;rc;def;r;odl;idl;hpj;bat</Extensions>
    </Filter>
    <Filter Include="Header Files">
      <UniqueIdentifier>{8d43ee04-25e7-4eed-9753-1ce2f2f7d707}</UniqueIdentifier>
      <Extensions>h;hpp;hxx;hm;inl</Extensions>
    </Filter>
    <Filter Include="Resource Files">
      <UniqueIdentifier>{f83e649e-1224-425f-9248-35a22e604ffd}</UniqueIdentifier>
      <Extensions>ico;cur;bmp;dlg;rc2;rct;bin;rgs;gif;jpg;jpeg;jpe</Extensions>
    </Filter>
  </ItemGroup>
  <ItemGroup>
    <ClCompile Include="..\libfcgi\fcgi_stdio.c">
      <Filter>Source Files</Filter>
    </ClCompile>
    <ClCompile Include="..\libfcgi\fcgiapp.c">
      <Filter>Source Files</Filter>
    </ClCompile>
    <ClCompile Include="..\libfcgi\fcgio.cpp">
      <Filter>Source Files</Filter>
    </ClCompile>
    <ClCompile Include="..\libfcgi\os_unix.c">
      <Filter>Source Files</Filter>
    </ClCompile>
    <ClCompile Include="..\libfcgi\os_win32.c">
      <Filter>Source Files</Filter>
    </ClCompile>
    <ClCompile Include="..\libfcgi\strerror.c">
      <Filter>Source Files</Filter>
    </ClCompile>
  </ItemGroup>
  <ItemGroup>
    <ClInclude Include="..\include\fastcgi.h">
      <Filter>Header Files</Filter>
    </ClInclude>
    <ClInclude Include="..\include\fcgi_config.h">
      <Filter>Header Files</Filter>
    </ClInclude>
    <ClInclude Include="..\include\fcgi_config_x86.h">
      <Filter>Header Files</Filter>
    </ClInclude>
    <ClInclude Include="..\include\fcgi_stdio.h">
      <Filter>Header Files</Filter>
    </ClInclude>
    <ClInclude Include="..\include\fcgiapp.h">
      <Filter>Header Files</Filter>
    </ClInclude>
    <ClInclude Include="..\include\fcgimisc.h">
      <Filter>Header Files</Filter>
    </ClInclude>
    <ClInclude Include="..\include\fcgio.h">
      <Filter>Header Files</Filter>
    </ClInclude>
    <ClInclude Include="..\include\fcgios.h">
      <Filter>Header Files</Filter>
    </ClInclude>
  </ItemGroup>
</Project>